{
  "name": "i18n-example",
  "version": "1.0.0",
  "lockfileVersion": 3,
  "requires": true,
  "packages": {
    "": {
      "name": "i18n-example",
      "version": "1.0.0",
      "license": "MIT",
      "dependencies": {
        "@cloudflare/kv-asset-handler": "0.0.2",
        "accept-language-parser": "^1.5.0"
      }
    },
    "node_modules/@cloudflare/kv-asset-handler": {
      "version": "0.0.2",
      "resolved": "https://registry.npmjs.org/@cloudflare/kv-asset-handler/-/kv-asset-handler-0.0.2.tgz",
      "integrity": "sha512-v/OsPxvmZ+U0ZBijn7PTQB/9dkdABgfiZVbITjHso7F9anXgAjx90gPJtMVXSPVxmrljKPH3Wqt5y2/P8Rn2tQ==",
      "dependencies": {
        "mime": "^2.4.4"
      }
    },
    "node_modules/accept-language-parser": {
      "version": "1.5.0",
      "resolved": "https://registry.npmjs.org/accept-language-parser/-/accept-language-parser-1.5.0.tgz",
      "integrity": "sha1-iHfFQECo3LWeCgfZwf3kIpgzR5E="
    },
    "node_modules/mime": {
      "version": "2.4.4",
      "resolved": "https://registry.npmjs.org/mime/-/mime-2.4.4.tgz",
      "integrity": "sha512-LRxmNwziLPT828z+4YkNzloCFC2YM4wrB99k+AV5ZbEyfGNWfG8SO1FUXLmLDBSo89NrJZ4DIWeLjy1CHGhMGA==",
      "bin": {
        "mime": "cli.js"
      },
      "engines": {
        "node": ">=4.0.0"
      }
    }
  }
}
